{
  "name": "eventmit-module-env",
  "version": "1.0.0",
  "lockfileVersion": 3,
  "requires": true,
  "packages": {
    "": {
      "name": "eventmit-module-env",
      "version": "1.0.0",
      "license": "MIT",
      "dependencies": {
        "eventmit": "^2.0.2"
      }
    },
    "node_modules/eventmit": {
      "version": "2.0.2",
      "resolved": "https://registry.npmjs.org/eventmit/-/eventmit-2.0.2.tgz",
      "integrity": "sha512-lkciFQBfFwXqq/Hvp+b3swGSZa9zns3x0A+2BRaoA/n/nqQNUVQU/fCXd+V6Vnn2ZrUOjlO2KMh4Dlvz0MfnIA=="
    }
  }
}
